Microsoft Visual Studio Solution File, Format Version 8.00
Project("{F184B08F-C81C-45F6-A57F-5ABD9991F28F}") = "WebClient", "http://localhost/Chapter25/clients/WebClient/WebClient.vbproj", "{C610B57C-978C-4CE9-97FF-7D5B07CE88B9}"
	ProjectSection(ProjectDependencies) = postProject
	EndProjectSection
EndProject
Global
	GlobalSection(SolutionConfiguration) = preSolution
		Debug = Debug
		Release = Release
	EndGlobalSection
	GlobalSection(ProjectConfiguration) = postSolution
		{C610B57C-978C-4CE9-97FF-7D5B07CE88B9}.Debug.ActiveCfg = Debug|.NET
		{C610B57C-978C-4CE9-97FF-7D5B07CE88B9}.Debug.Build.0 = Debug|.NET
		{C610B57C-978C-4CE9-97FF-7D5B07CE88B9}.Release.ActiveCfg = Release|.NET
		{C610B57C-978C-4CE9-97FF-7D5B07CE88B9}.Release.Build.0 = Release|.NET
	EndGlobalSection
	GlobalSection(ExtensibilityGlobals) = postSolution
	EndGlobalSection
	GlobalSection(ExtensibilityAddIns) = postSolution
	EndGlobalSection
EndGlobal
