Microsoft Visual Studio Solution File, Format Version 8.00
Project("{FAE04EC0-301F-11D3-BF4B-00C04F79EFBC}") = "UME", "UME.csproj", "{950A0EFF-5FFA-4F6E-8158-9C4E8A756DA7}"
	ProjectSection(ProjectDependencies) = postProject
	EndProjectSection
EndProject
Global
	GlobalSection(SolutionConfiguration) = preSolution
		Debug = Debug
		Release = Release
	EndGlobalSection
	GlobalSection(ProjectConfiguration) = postSolution
		{950A0EFF-5FFA-4F6E-8158-9C4E8A756DA7}.Debug.ActiveCfg = Debug|.NET
		{950A0EFF-5FFA-4F6E-8158-9C4E8A756DA7}.Debug.Build.0 = Debug|.NET
		{950A0EFF-5FFA-4F6E-8158-9C4E8A756DA7}.Release.ActiveCfg = Release|.NET
		{950A0EFF-5FFA-4F6E-8158-9C4E8A756DA7}.Release.Build.0 = Release|.NET
	EndGlobalSection
	GlobalSection(ExtensibilityGlobals) = postSolution
	EndGlobalSection
	GlobalSection(ExtensibilityAddIns) = postSolution
	EndGlobalSection
EndGlobal
